
Microsoft Visual Studio Solution File, Format Version 12.00
# Visual Studio Version 17
VisualStudioVersion = 17.5.002.0
MinimumVisualStudioVersion = 10.0.40219.1
Project("{2150E333-8FDC-42A3-9474-1A3956D46DE8}") = "examples", "examples", "{DCD5CA6B-4248-4D5C-A5B4-BC1250F725C6}"
EndProject
Project("{9A19103F-16F7-4668-BE54-9A1E7A4F7556}") = "ListPropertiesAndMethods", "examples\ListPropertiesAndMethods\ListPropertiesAndMethods.csproj", "{CDA38CD3-F4D6-47DD-9A74-070C9C59C672}"
EndProject
Global
	GlobalSection(SolutionConfigurationPlatforms) = preSolution
		Debug|Any CPU = Debug|Any CPU
		Release|Any CPU = Release|Any CPU
	EndGlobalSection
	GlobalSection(ProjectConfigurationPlatforms) = postSolution
		{CDA38CD3-F4D6-47DD-9A74-070C9C59C672}.Debug|Any CPU.ActiveCfg = Debug|Any CPU
		{CDA38CD3-F4D6-47DD-9A74-070C9C59C672}.Debug|Any CPU.Build.0 = Debug|Any CPU
		{CDA38CD3-F4D6-47DD-9A74-070C9C59C672}.Release|Any CPU.ActiveCfg = Release|Any CPU
		{CDA38CD3-F4D6-47DD-9A74-070C9C59C672}.Release|Any CPU.Build.0 = Release|Any CPU
	EndGlobalSection
	GlobalSection(SolutionProperties) = preSolution
		HideSolutionNode = FALSE
	EndGlobalSection
	GlobalSection(NestedProjects) = preSolution
		{CDA38CD3-F4D6-47DD-9A74-070C9C59C672} = {DCD5CA6B-4248-4D5C-A5B4-BC1250F725C6}
	EndGlobalSection
	GlobalSection(ExtensibilityGlobals) = postSolution
		SolutionGuid = {2D19174B-22BB-493B-91F2-F31CA783E9E3}
	EndGlobalSection
EndGlobal
